
Microsoft Visual Studio Solution File, Format Version 12.00
# Visual Studio Version 17
VisualStudioVersion = 17.7.34009.444
MinimumVisualStudioVersion = 10.0.40219.1
Project("{FAE04EC0-301F-11D3-BF4B-00C04F79EFBC}") = "OOPVehicles", "OOPVehicles\OOPVehicles.csproj", "{56C3DAAC-C60F-405F-A45D-9AA5C8387371}"
EndProject
Global
	GlobalSection(SolutionConfigurationPlatforms) = preSolution
		Debug|Any CPU = Debug|Any CPU
		Release|Any CPU = Release|Any CPU
	EndGlobalSection
	GlobalSection(ProjectConfigurationPlatforms) = postSolution
		{56C3DAAC-C60F-405F-A45D-9AA5C8387371}.Debug|Any CPU.ActiveCfg = Debug|Any CPU
		{56C3DAAC-C60F-405F-A45D-9AA5C8387371}.Debug|Any CPU.Build.0 = Debug|Any CPU
		{56C3DAAC-C60F-405F-A45D-9AA5C8387371}.Release|Any CPU.ActiveCfg = Release|Any CPU
		{56C3DAAC-C60F-405F-A45D-9AA5C8387371}.Release|Any CPU.Build.0 = Release|Any CPU
	EndGlobalSection
	GlobalSection(SolutionProperties) = preSolution
		HideSolutionNode = FALSE
	EndGlobalSection
	GlobalSection(ExtensibilityGlobals) = postSolution
		SolutionGuid = {F707654C-873C-48E5-93F3-CC9F0910BFCE}
	EndGlobalSection
EndGlobal
